
Microsoft Visual Studio Solution File, Format Version 12.00
# Visual Studio 2012
Project("{FAE04EC0-301F-11D3-BF4B-00C04F79EFBC}") = "Tut24-ConsoleApplication1", "Tut24-ConsoleApplication1\Tut24-ConsoleApplication1.csproj", "{E92650BA-F16B-4916-9262-F2BBD7EE6708}"
EndProject
Global
	GlobalSection(SolutionConfigurationPlatforms) = preSolution
		Debug|Any CPU = Debug|Any CPU
		Release|Any CPU = Release|Any CPU
	EndGlobalSection
	GlobalSection(ProjectConfigurationPlatforms) = postSolution
		{E92650BA-F16B-4916-9262-F2BBD7EE6708}.Debug|Any CPU.ActiveCfg = Debug|Any CPU
		{E92650BA-F16B-4916-9262-F2BBD7EE6708}.Debug|Any CPU.Build.0 = Debug|Any CPU
		{E92650BA-F16B-4916-9262-F2BBD7EE6708}.Release|Any CPU.ActiveCfg = Release|Any CPU
		{E92650BA-F16B-4916-9262-F2BBD7EE6708}.Release|Any CPU.Build.0 = Release|Any CPU
	EndGlobalSection
	GlobalSection(SolutionProperties) = preSolution
		HideSolutionNode = FALSE
	EndGlobalSection
EndGlobal
