
Microsoft Visual Studio Solution File, Format Version 12.00
# Visual Studio 2012
Project("{FAE04EC0-301F-11D3-BF4B-00C04F79EFBC}") = "Tut49-ConsoleApplication1", "Tut49-ConsoleApplication1\Tut49-ConsoleApplication1.csproj", "{ABE2E073-CEF7-417E-A732-D5FBE443A6F5}"
EndProject
Global
	GlobalSection(SolutionConfigurationPlatforms) = preSolution
		Debug|Any CPU = Debug|Any CPU
		Release|Any CPU = Release|Any CPU
	EndGlobalSection
	GlobalSection(ProjectConfigurationPlatforms) = postSolution
		{ABE2E073-CEF7-417E-A732-D5FBE443A6F5}.Debug|Any CPU.ActiveCfg = Debug|Any CPU
		{ABE2E073-CEF7-417E-A732-D5FBE443A6F5}.Debug|Any CPU.Build.0 = Debug|Any CPU
		{ABE2E073-CEF7-417E-A732-D5FBE443A6F5}.Release|Any CPU.ActiveCfg = Release|Any CPU
		{ABE2E073-CEF7-417E-A732-D5FBE443A6F5}.Release|Any CPU.Build.0 = Release|Any CPU
	EndGlobalSection
	GlobalSection(SolutionProperties) = preSolution
		HideSolutionNode = FALSE
	EndGlobalSection
EndGlobal
